
Microsoft Visual Studio Solution File, Format Version 12.00
# Visual Studio Version 16
VisualStudioVersion = 16.0.34114.132
MinimumVisualStudioVersion = 10.0.40219.1
Project("{FAE04EC0-301F-11D3-BF4B-00C04F79EFBC}") = "Api", "Api.csproj", "{7AA5C600-7C03-48B2-B5C4-BCA7692EE987}"
EndProject
Global
	GlobalSection(SolutionConfigurationPlatforms) = preSolution
		Debug|Any CPU = Debug|Any CPU
		Release|Any CPU = Release|Any CPU
	EndGlobalSection
	GlobalSection(ProjectConfigurationPlatforms) = postSolution
		{7AA5C600-7C03-48B2-B5C4-BCA7692EE987}.Debug|Any CPU.ActiveCfg = Debug|Any CPU
		{7AA5C600-7C03-48B2-B5C4-BCA7692EE987}.Debug|Any CPU.Build.0 = Debug|Any CPU
		{7AA5C600-7C03-48B2-B5C4-BCA7692EE987}.Release|Any CPU.ActiveCfg = Release|Any CPU
		{7AA5C600-7C03-48B2-B5C4-BCA7692EE987}.Release|Any CPU.Build.0 = Release|Any CPU
	EndGlobalSection
	GlobalSection(SolutionProperties) = preSolution
		HideSolutionNode = FALSE
	EndGlobalSection
	GlobalSection(ExtensibilityGlobals) = postSolution
		SolutionGuid = {5742C71B-5828-4CD1-A755-6D159307D34B}
	EndGlobalSection
EndGlobal
